
Microsoft Visual Studio Solution File, Format Version 12.00
# Visual Studio 2013
VisualStudioVersion = 12.0.21005.1
MinimumVisualStudioVersion = 10.0.40219.1
Project("{8BC9CEB8-8B4A-11D0-8D11-00A0C91BC942}") = "008mergeRecords", "008mergeRecords\008mergeRecords.vcxproj", "{D891CBDF-F886-4BB3-BC25-A6977E123C62}"
EndProject
Global
	GlobalSection(SolutionConfigurationPlatforms) = preSolution
		Debug|Win32 = Debug|Win32
		Release|Win32 = Release|Win32
	EndGlobalSection
	GlobalSection(ProjectConfigurationPlatforms) = postSolution
		{D891CBDF-F886-4BB3-BC25-A6977E123C62}.Debug|Win32.ActiveCfg = Debug|Win32
		{D891CBDF-F886-4BB3-BC25-A6977E123C62}.Debug|Win32.Build.0 = Debug|Win32
		{D891CBDF-F886-4BB3-BC25-A6977E123C62}.Release|Win32.ActiveCfg = Release|Win32
		{D891CBDF-F886-4BB3-BC25-A6977E123C62}.Release|Win32.Build.0 = Release|Win32
	EndGlobalSection
	GlobalSection(SolutionProperties) = preSolution
		HideSolutionNode = FALSE
	EndGlobalSection
EndGlobal
