
Microsoft Visual Studio Solution File, Format Version 12.00
# Visual Studio 2013
VisualStudioVersion = 12.0.21005.1
MinimumVisualStudioVersion = 10.0.40219.1
Project("{8BC9CEB8-8B4A-11D0-8D11-00A0C91BC942}") = "Best Time to Buy and Sell Stock II", "Best Time to Buy and Sell Stock II\Best Time to Buy and Sell Stock II.vcxproj", "{FFEF3A8B-B19F-4E40-930C-5437CB6E5304}"
EndProject
Global
	GlobalSection(SolutionConfigurationPlatforms) = preSolution
		Debug|Win32 = Debug|Win32
		Release|Win32 = Release|Win32
	EndGlobalSection
	GlobalSection(ProjectConfigurationPlatforms) = postSolution
		{FFEF3A8B-B19F-4E40-930C-5437CB6E5304}.Debug|Win32.ActiveCfg = Debug|Win32
		{FFEF3A8B-B19F-4E40-930C-5437CB6E5304}.Debug|Win32.Build.0 = Debug|Win32
		{FFEF3A8B-B19F-4E40-930C-5437CB6E5304}.Release|Win32.ActiveCfg = Release|Win32
		{FFEF3A8B-B19F-4E40-930C-5437CB6E5304}.Release|Win32.Build.0 = Release|Win32
	EndGlobalSection
	GlobalSection(SolutionProperties) = preSolution
		HideSolutionNode = FALSE
	EndGlobalSection
EndGlobal
