
Microsoft Visual Studio Solution File, Format Version 12.00
# Visual Studio 2013
VisualStudioVersion = 12.0.21005.1
MinimumVisualStudioVersion = 10.0.40219.1
Project("{8BC9CEB8-8B4A-11D0-8D11-00A0C91BC942}") = "HEXtoDEC", "HEXtoDEC\HEXtoDEC.vcxproj", "{00B48D87-6B3A-49D9-8868-D3A45AC7162D}"
EndProject
Global
	GlobalSection(SolutionConfigurationPlatforms) = preSolution
		Debug|Win32 = Debug|Win32
		Release|Win32 = Release|Win32
	EndGlobalSection
	GlobalSection(ProjectConfigurationPlatforms) = postSolution
		{00B48D87-6B3A-49D9-8868-D3A45AC7162D}.Debug|Win32.ActiveCfg = Debug|Win32
		{00B48D87-6B3A-49D9-8868-D3A45AC7162D}.Debug|Win32.Build.0 = Debug|Win32
		{00B48D87-6B3A-49D9-8868-D3A45AC7162D}.Release|Win32.ActiveCfg = Release|Win32
		{00B48D87-6B3A-49D9-8868-D3A45AC7162D}.Release|Win32.Build.0 = Release|Win32
	EndGlobalSection
	GlobalSection(SolutionProperties) = preSolution
		HideSolutionNode = FALSE
	EndGlobalSection
EndGlobal
