
Microsoft Visual Studio Solution File, Format Version 12.00
# Visual Studio 2013
VisualStudioVersion = 12.0.21005.1
MinimumVisualStudioVersion = 10.0.40219.1
Project("{8BC9CEB8-8B4A-11D0-8D11-00A0C91BC942}") = "Remove Linked List Elements", "Remove Linked List Elements\Remove Linked List Elements.vcxproj", "{427E8E6C-23CD-41CB-BFF8-1E2FC4BC09DB}"
EndProject
Global
	GlobalSection(SolutionConfigurationPlatforms) = preSolution
		Debug|Win32 = Debug|Win32
		Release|Win32 = Release|Win32
	EndGlobalSection
	GlobalSection(ProjectConfigurationPlatforms) = postSolution
		{427E8E6C-23CD-41CB-BFF8-1E2FC4BC09DB}.Debug|Win32.ActiveCfg = Debug|Win32
		{427E8E6C-23CD-41CB-BFF8-1E2FC4BC09DB}.Debug|Win32.Build.0 = Debug|Win32
		{427E8E6C-23CD-41CB-BFF8-1E2FC4BC09DB}.Release|Win32.ActiveCfg = Release|Win32
		{427E8E6C-23CD-41CB-BFF8-1E2FC4BC09DB}.Release|Win32.Build.0 = Release|Win32
	EndGlobalSection
	GlobalSection(SolutionProperties) = preSolution
		HideSolutionNode = FALSE
	EndGlobalSection
EndGlobal
